# THIS IS AN AUTOGENERATED FILE. DO NOT EDIT THIS FILE DIRECTLY.
# yarn lockfile v1


"@bit/pickzen.pui.core.font-loader@1.0.1":
  version "1.0.1"
  resolved "https://node.bit.dev/pickzen.pui.core.font-loader/-/pickzen.pui.core.font-loader-1.0.1.tgz#859d94b0ba4f05f7b5ddadf65834e3b99df3df09"
  integrity sha1-hZ2UsLpPBfe13a32WDTjuZ3z3wk=
  dependencies:
    webfontloader "^1.6.28"

"@bit/pickzen.pui.core.styles@1.0.8":
  version "1.0.8"
  resolved "https://node.bit.dev/pickzen.pui.core.styles/-/pickzen.pui.core.styles-1.0.8.tgz#eaad522a1bda632e89b1836627b8795660eb2cd7"
  integrity sha1-6q1SKhvaYy6JsYNmJ7h5VmDrLNc=
  dependencies:
    vue2-animate "2.1.0"

"@bit/pickzen.pui.elements.pui-button@0.0.1":
  version "0.0.1"
  resolved "https://node.bit.dev/pickzen.pui.elements.pui-button/-/pickzen.pui.elements.pui-button-0.0.1.tgz#db66b47a175b8592df74037a7daf2670f2796f0b"
  integrity sha1-22a0ehdbhZLfdAN6fa8mcPJ5bws=

"@bit/pickzen.pui.elements.pui-nextprev@0.0.1":
  version "0.0.1"
  resolved "https://node.bit.dev/pickzen.pui.elements.pui-nextprev/-/pickzen.pui.elements.pui-nextprev-0.0.1.tgz#9f204af98ecb24b90629763d34bc66f91408b695"
  integrity sha1-nyBK+Y7LJLkGKXY9NLxm+RQItpU=

vue-awesome@^3.5.4:
  version "3.5.4"
  resolved "https://registry.yarnpkg.com/vue-awesome/-/vue-awesome-3.5.4.tgz#da14ca20a3c6415c72823a7f743022f2dbd0183f"
  integrity sha512-RRuo08A6mFye2RyLVdnODH5kyLiHANMl9EzKXZXCeMrsP4SY3nyjkQnTGlgbbVOBQuaGBMrFp9HPOJYDaVNk/w==

vue-class-component@^7.0.2:
  version "7.1.0"
  resolved "https://registry.yarnpkg.com/vue-class-component/-/vue-class-component-7.1.0.tgz#b33efcb10e17236d684f70b1e96f1946ec793e87"
  integrity sha512-G9152NzUkz0i0xTfhk0Afc8vzdXxDR1pfN4dTwE72cskkgJtdXfrKBkMfGvDuxUh35U500g5Ve4xL8PEGdWeHg==

vue-observe-visibility@^0.4.4:
  version "0.4.4"
  resolved "https://registry.yarnpkg.com/vue-observe-visibility/-/vue-observe-visibility-0.4.4.tgz#cf3e945bf80c1317a1c32bc516d6cfd4dda8f8fd"
  integrity sha512-2eDYHgL2MJ2wkkNZnus56D0CG8m80BFLuvEcGnD7rQ9jxFogpXMsM9aM5Md+XT8AmYGYCqVfOVBaWFtVvwbpmw==

vue2-animate@2.1.0:
  version "2.1.0"
  resolved "https://registry.yarnpkg.com/vue2-animate/-/vue2-animate-2.1.0.tgz#93eee5f381d8d6493bae0507bcad6b615fdacb7f"
  integrity sha512-OEuwx9Y2dmx3+hQ/K7zLc514v4xhc8tGDQl/ZTJh06r+/EG/oYQkhy2Fo4OOhDwiRJYFuTfkFhGlDtTnT4XGsw==

vue@^2.6.10:
  version "2.6.10"
  resolved "https://registry.yarnpkg.com/vue/-/vue-2.6.10.tgz#a72b1a42a4d82a721ea438d1b6bf55e66195c637"
  integrity sha512-ImThpeNU9HbdZL3utgMCq0oiMzAkt1mcgy3/E6zWC/G6AaQoeuFdsl9nDhTDU3X1R6FK7nsIUuRACVcjI+A2GQ==

vuex-pathify@^1.2.4:
  version "1.2.4"
  resolved "https://registry.yarnpkg.com/vuex-pathify/-/vuex-pathify-1.2.4.tgz#4b080f8159b177e84bd54d87dadaff631dccba65"
  integrity sha512-yhN+iTbLMpa8WJpY8ZM5KfnP3V2Wvj+I6mJ2tu4CXURwdBt+3+YD9qXMp6Sb+vvO1nzGzbw+OMsIRZ0jMkk4AA==
  dependencies:
    vue-class-component "^7.0.2"

webfontloader@^1.6.28:
  version "1.6.28"
  resolved "https://registry.yarnpkg.com/webfontloader/-/webfontloader-1.6.28.tgz#db786129253cb6e8eae54c2fb05f870af6675bae"
  integrity sha1-23hhKSU8tujq5UwvsF+HCvZnW64=
